
Microsoft Visual Studio Solution File, Format Version 12.00
# Visual Studio Version 17
VisualStudioVersion = 17.5.002.0
MinimumVisualStudioVersion = 10.0.40219.1
Project("{9A19103F-16F7-4668-BE54-9A1E7A4F7556}") = "RogersPizza", "RogersPizza.csproj", "{3BC9D146-EA5D-4B95-BAA8-3DDEA4FED42E}"
EndProject
Global
	GlobalSection(SolutionConfigurationPlatforms) = preSolution
		Debug|Any CPU = Debug|Any CPU
		Release|Any CPU = Release|Any CPU
	EndGlobalSection
	GlobalSection(ProjectConfigurationPlatforms) = postSolution
		{3BC9D146-EA5D-4B95-BAA8-3DDEA4FED42E}.Debug|Any CPU.ActiveCfg = Debug|Any CPU
		{3BC9D146-EA5D-4B95-BAA8-3DDEA4FED42E}.Debug|Any CPU.Build.0 = Debug|Any CPU
		{3BC9D146-EA5D-4B95-BAA8-3DDEA4FED42E}.Release|Any CPU.ActiveCfg = Release|Any CPU
		{3BC9D146-EA5D-4B95-BAA8-3DDEA4FED42E}.Release|Any CPU.Build.0 = Release|Any CPU
	EndGlobalSection
	GlobalSection(SolutionProperties) = preSolution
		HideSolutionNode = FALSE
	EndGlobalSection
	GlobalSection(ExtensibilityGlobals) = postSolution
		SolutionGuid = {1AE9F08C-8683-46BC-B41D-13D6188D944D}
	EndGlobalSection
EndGlobal
